
Microsoft Visual Studio Solution File, Format Version 12.00
# Visual Studio Version 17
VisualStudioVersion = 17.10.35013.160
MinimumVisualStudioVersion = 10.0.40219.1
Project("{FAE04EC0-301F-11D3-BF4B-00C04F79EFBC}") = "HomeworkApp", "HomeworkApp.csproj", "{AFA81699-892D-4476-9A15-2C2912F0F474}"
EndProject
Global
	GlobalSection(SolutionConfigurationPlatforms) = preSolution
		Debug|Any CPU = Debug|Any CPU
		Release|Any CPU = Release|Any CPU
	EndGlobalSection
	GlobalSection(ProjectConfigurationPlatforms) = postSolution
		{AFA81699-892D-4476-9A15-2C2912F0F474}.Debug|Any CPU.ActiveCfg = Debug|Any CPU
		{AFA81699-892D-4476-9A15-2C2912F0F474}.Debug|Any CPU.Build.0 = Debug|Any CPU
		{AFA81699-892D-4476-9A15-2C2912F0F474}.Release|Any CPU.ActiveCfg = Release|Any CPU
		{AFA81699-892D-4476-9A15-2C2912F0F474}.Release|Any CPU.Build.0 = Release|Any CPU
	EndGlobalSection
	GlobalSection(SolutionProperties) = preSolution
		HideSolutionNode = FALSE
	EndGlobalSection
	GlobalSection(ExtensibilityGlobals) = postSolution
		SolutionGuid = {04171DB1-4218-4787-B482-47BB5811DF76}
	EndGlobalSection
EndGlobal
